lockfileVersion: '6.1'

settings:
  autoInstallPeers: true
  excludeLinksFromLockfile: false

dependencies:
  preact:
    specifier: ^10.17.0
    version: 10.17.0
  preact-iso:
    specifier: ^2.3.1
    version: 2.3.1(preact-render-to-string@6.2.1)(preact@10.17.0)

devDependencies:
  wmr:
    specifier: ^3.8.0
    version: 3.8.0

packages:

  /fsevents@2.3.2:
    resolution: {integrity: sha512-xiqMQR4xAeHTuB9uWm+fFRcIOgKBMiOBP+eXiyT7jsgVCq1bkVygt00oASowB7EdtpOHaaPgKt812P9ab+DDKA==}
    engines: {node: ^8.16.0 || ^10.6.0 || >=11.0.0}
    os: [darwin]
    requiresBuild: true
    dev: true
    optional: true

  /preact-iso@2.3.1(preact-render-to-string@6.2.1)(preact@10.17.0):
    resolution: {integrity: sha512-PtiG0dJlyvIDfvqROCybIFq96CS2s8nLg8ZR4Yporx3mPQ5FgWGNKb+ejjewtjEDMdCUlYmMT8SdapWEAxVJ2Q==}
    peerDependencies:
      preact: '>=10'
      preact-render-to-string: '>=5'
    dependencies:
      preact: 10.17.0
      preact-render-to-string: 6.2.1(preact@10.17.0)
    dev: false

  /preact-render-to-string@6.2.1(preact@10.17.0):
    resolution: {integrity: sha512-5t7nFeMUextd53igL3GAakAAMaUD+dVWDHaRYaeh1tbPIjQIBtgJnMw6vf8VS/lviV0ggFtkgebatPxvtJsXyQ==}
    peerDependencies:
      preact: '>=10'
    dependencies:
      preact: 10.17.0
      pretty-format: 3.8.0
    dev: false

  /preact@10.17.0:
    resolution: {integrity: sha512-SNsI8cbaCcUS5tbv9nlXuCfIXnJ9ysBMWk0WnB6UWwcVA3qZ2O6FxqDFECMAMttvLQcW/HaNZUe2BLidyvrVYw==}
    dev: false

  /pretty-format@3.8.0:
    resolution: {integrity: sha512-WuxUnVtlWL1OfZFQFuqvnvs6MiAGk9UNsBostyBOB0Is9wb5uRESevA6rnl/rkksXaGX3GzZhPup5d6Vp1nFew==}
    dev: false

  /wmr@3.8.0:
    resolution: {integrity: sha512-W3f2nB80C9Y0uNZXWMoxINkz4HdBRxt5MvxmcFcMlO87Ybsf6ny23kVUUzU8RA2LX86CpReMHl2Y0BTMLezLRg==}
    engines: {node: '>=12.17.x'}
    hasBin: true
    optionalDependencies:
      fsevents: 2.3.2
    dev: true
